
Microsoft Visual Studio Solution File, Format Version 12.00
# Visual Studio Version 17
VisualStudioVersion = 17.8.34330.188
MinimumVisualStudioVersion = 10.0.40219.1
Project("{FAE04EC0-301F-11D3-BF4B-00C04F79EFBC}") = "SignalRChatApplication", "SignalRChatApplication.csproj", "{1043D458-5A30-4B34-9CCE-AB792CA100A2}"
EndProject
Global
	GlobalSection(SolutionConfigurationPlatforms) = preSolution
		Debug|Any CPU = Debug|Any CPU
		Release|Any CPU = Release|Any CPU
	EndGlobalSection
	GlobalSection(ProjectConfigurationPlatforms) = postSolution
		{1043D458-5A30-4B34-9CCE-AB792CA100A2}.Debug|Any CPU.ActiveCfg = Debug|Any CPU
		{1043D458-5A30-4B34-9CCE-AB792CA100A2}.Debug|Any CPU.Build.0 = Debug|Any CPU
		{1043D458-5A30-4B34-9CCE-AB792CA100A2}.Release|Any CPU.ActiveCfg = Release|Any CPU
		{1043D458-5A30-4B34-9CCE-AB792CA100A2}.Release|Any CPU.Build.0 = Release|Any CPU
	EndGlobalSection
	GlobalSection(SolutionProperties) = preSolution
		HideSolutionNode = FALSE
	EndGlobalSection
	GlobalSection(ExtensibilityGlobals) = postSolution
		SolutionGuid = {C027DC01-9E00-4350-AF43-E1437A9453C6}
	EndGlobalSection
EndGlobal
